
Microsoft Visual Studio Solution File, Format Version 12.00
Project("{FAE04EC0-301F-11D3-BF4B-00C04F79EFBC}") = "GostStorage", "GostStorage\GostStorage.csproj", "{C33D332E-C369-4F38-8501-84E5394F0D7A}"
EndProject
Global
	GlobalSection(SolutionConfigurationPlatforms) = preSolution
		Debug|Any CPU = Debug|Any CPU
		Release|Any CPU = Release|Any CPU
	EndGlobalSection
	GlobalSection(ProjectConfigurationPlatforms) = postSolution
		{C33D332E-C369-4F38-8501-84E5394F0D7A}.Debug|Any CPU.ActiveCfg = Debug|Any CPU
		{C33D332E-C369-4F38-8501-84E5394F0D7A}.Debug|Any CPU.Build.0 = Debug|Any CPU
		{C33D332E-C369-4F38-8501-84E5394F0D7A}.Release|Any CPU.ActiveCfg = Release|Any CPU
		{C33D332E-C369-4F38-8501-84E5394F0D7A}.Release|Any CPU.Build.0 = Release|Any CPU
	EndGlobalSection
EndGlobal
